<?xml version="1.0" encoding="UTF-8"?>
<CodeBlocks_project_file>
	<FileVersion major="1" minor="6"/>
	<Project>
		<Option title="Socke"/>
		<Option makefile_is_custom="1"/>
		<Option compiler="gcc"/>
		<Option virtualFolders="CMake Files\;"/>
		<Build>
			<Target title="all">
				<Option working_dir="/home/LarsLinux/Documenten/System-Automation/raspberry-pi"/>
				<Option type="4"/>
				<MakeCommands>
					<Build command="/usr/bin/make -j8 -f &quot;/home/LarsLinux/Documenten/System-Automation/raspberry-pi/Makefile&quot;  VERBOSE=1 all"/>
					<CompileFile command="/usr/bin/make -j8 -f &quot;/home/LarsLinux/Documenten/System-Automation/raspberry-pi/Makefile&quot;  VERBOSE=1 &quot;$file&quot;"/>
					<Clean command="/usr/bin/make -j8 -f &quot;/home/LarsLinux/Documenten/System-Automation/raspberry-pi/Makefile&quot;  VERBOSE=1 clean"/>
					<DistClean command="/usr/bin/make -j8 -f &quot;/home/LarsLinux/Documenten/System-Automation/raspberry-pi/Makefile&quot;  VERBOSE=1 clean"/>
				</MakeCommands>
			</Target>
			<Target title="rebuild_cache">
				<Option working_dir="/home/LarsLinux/Documenten/System-Automation/raspberry-pi"/>
				<Option type="4"/>
				<MakeCommands>
					<Build command="/usr/bin/make -j8 -f &quot;/home/LarsLinux/Documenten/System-Automation/raspberry-pi/Makefile&quot;  VERBOSE=1 rebuild_cache"/>
					<CompileFile command="/usr/bin/make -j8 -f &quot;/home/LarsLinux/Documenten/System-Automation/raspberry-pi/Makefile&quot;  VERBOSE=1 &quot;$file&quot;"/>
					<Clean command="/usr/bin/make -j8 -f &quot;/home/LarsLinux/Documenten/System-Automation/raspberry-pi/Makefile&quot;  VERBOSE=1 clean"/>
					<DistClean command="/usr/bin/make -j8 -f &quot;/home/LarsLinux/Documenten/System-Automation/raspberry-pi/Makefile&quot;  VERBOSE=1 clean"/>
				</MakeCommands>
			</Target>
			<Target title="Socke">
				<Option output="/home/LarsLinux/Documenten/System-Automation/raspberry-pi/Socke" prefix_auto="0" extension_auto="0"/>
				<Option working_dir="/home/LarsLinux/Documenten/System-Automation/raspberry-pi"/>
				<Option object_output="./"/>
				<Option type="1"/>
				<Option compiler="gcc"/>
				<Compiler>
					<Add directory="/usr/lib/gcc-cross/arm-linux-gnueabihf/8/../../../../arm-linux-gnueabihf/include/c++/8"/>
					<Add directory="/usr/lib/gcc-cross/arm-linux-gnueabihf/8/../../../../arm-linux-gnueabihf/include/c++/8/arm-linux-gnueabihf/."/>
					<Add directory="/usr/lib/gcc-cross/arm-linux-gnueabihf/8/../../../../arm-linux-gnueabihf/include/c++/8/backward"/>
					<Add directory="/usr/lib/gcc-cross/arm-linux-gnueabihf/8/include"/>
					<Add directory="/usr/lib/gcc-cross/arm-linux-gnueabihf/8/include-fixed"/>
					<Add directory="/usr/lib/gcc-cross/arm-linux-gnueabihf/8/../../../../arm-linux-gnueabihf/include"/>
					<Add directory="/usr/include"/>
					<Add directory="/usr/lib/gcc/x86_64-linux-gnu/8/include"/>
					<Add directory="/usr/local/include"/>
					<Add directory="/usr/lib/gcc/x86_64-linux-gnu/8/include-fixed"/>
					<Add directory="/usr/include/x86_64-linux-gnu"/>
				</Compiler>
				<MakeCommands>
					<Build command="/usr/bin/make -j8 -f &quot;/home/LarsLinux/Documenten/System-Automation/raspberry-pi/Makefile&quot;  VERBOSE=1 Socke"/>
					<CompileFile command="/usr/bin/make -j8 -f &quot;/home/LarsLinux/Documenten/System-Automation/raspberry-pi/Makefile&quot;  VERBOSE=1 &quot;$file&quot;"/>
					<Clean command="/usr/bin/make -j8 -f &quot;/home/LarsLinux/Documenten/System-Automation/raspberry-pi/Makefile&quot;  VERBOSE=1 clean"/>
					<DistClean command="/usr/bin/make -j8 -f &quot;/home/LarsLinux/Documenten/System-Automation/raspberry-pi/Makefile&quot;  VERBOSE=1 clean"/>
				</MakeCommands>
			</Target>
			<Target title="Socke/fast">
				<Option output="/home/LarsLinux/Documenten/System-Automation/raspberry-pi/Socke" prefix_auto="0" extension_auto="0"/>
				<Option working_dir="/home/LarsLinux/Documenten/System-Automation/raspberry-pi"/>
				<Option object_output="./"/>
				<Option type="1"/>
				<Option compiler="gcc"/>
				<Compiler>
					<Add directory="/usr/lib/gcc-cross/arm-linux-gnueabihf/8/../../../../arm-linux-gnueabihf/include/c++/8"/>
					<Add directory="/usr/lib/gcc-cross/arm-linux-gnueabihf/8/../../../../arm-linux-gnueabihf/include/c++/8/arm-linux-gnueabihf/."/>
					<Add directory="/usr/lib/gcc-cross/arm-linux-gnueabihf/8/../../../../arm-linux-gnueabihf/include/c++/8/backward"/>
					<Add directory="/usr/lib/gcc-cross/arm-linux-gnueabihf/8/include"/>
					<Add directory="/usr/lib/gcc-cross/arm-linux-gnueabihf/8/include-fixed"/>
					<Add directory="/usr/lib/gcc-cross/arm-linux-gnueabihf/8/../../../../arm-linux-gnueabihf/include"/>
					<Add directory="/usr/include"/>
					<Add directory="/usr/lib/gcc/x86_64-linux-gnu/8/include"/>
					<Add directory="/usr/local/include"/>
					<Add directory="/usr/lib/gcc/x86_64-linux-gnu/8/include-fixed"/>
					<Add directory="/usr/include/x86_64-linux-gnu"/>
				</Compiler>
				<MakeCommands>
					<Build command="/usr/bin/make -j8 -f &quot;/home/LarsLinux/Documenten/System-Automation/raspberry-pi/Makefile&quot;  VERBOSE=1 Socke/fast"/>
					<CompileFile command="/usr/bin/make -j8 -f &quot;/home/LarsLinux/Documenten/System-Automation/raspberry-pi/Makefile&quot;  VERBOSE=1 &quot;$file&quot;"/>
					<Clean command="/usr/bin/make -j8 -f &quot;/home/LarsLinux/Documenten/System-Automation/raspberry-pi/Makefile&quot;  VERBOSE=1 clean"/>
					<DistClean command="/usr/bin/make -j8 -f &quot;/home/LarsLinux/Documenten/System-Automation/raspberry-pi/Makefile&quot;  VERBOSE=1 clean"/>
				</MakeCommands>
			</Target>
			<Target title="edit_cache">
				<Option working_dir="/home/LarsLinux/Documenten/System-Automation/raspberry-pi"/>
				<Option type="4"/>
				<MakeCommands>
					<Build command="/usr/bin/make -j8 -f &quot;/home/LarsLinux/Documenten/System-Automation/raspberry-pi/Makefile&quot;  VERBOSE=1 edit_cache"/>
					<CompileFile command="/usr/bin/make -j8 -f &quot;/home/LarsLinux/Documenten/System-Automation/raspberry-pi/Makefile&quot;  VERBOSE=1 &quot;$file&quot;"/>
					<Clean command="/usr/bin/make -j8 -f &quot;/home/LarsLinux/Documenten/System-Automation/raspberry-pi/Makefile&quot;  VERBOSE=1 clean"/>
					<DistClean command="/usr/bin/make -j8 -f &quot;/home/LarsLinux/Documenten/System-Automation/raspberry-pi/Makefile&quot;  VERBOSE=1 clean"/>
				</MakeCommands>
			</Target>
		</Build>
		<Unit filename="/home/LarsLinux/Documenten/System-Automation/raspberry-pi/Socket/Socket.cpp">
			<Option target="Socke"/>
		</Unit>
		<Unit filename="/home/LarsLinux/Documenten/System-Automation/raspberry-pi/Socket/Socket.h">
			<Option target="Socke"/>
		</Unit>
		<Unit filename="/home/LarsLinux/Documenten/System-Automation/raspberry-pi/Socket/webSocket.cpp">
			<Option target="Socke"/>
		</Unit>
		<Unit filename="/home/LarsLinux/Documenten/System-Automation/raspberry-pi/Socket/webSocket.h">
			<Option target="Socke"/>
		</Unit>
		<Unit filename="/home/LarsLinux/Documenten/System-Automation/raspberry-pi/domObjects/bed.cpp">
			<Option target="Socke"/>
		</Unit>
		<Unit filename="/home/LarsLinux/Documenten/System-Automation/raspberry-pi/domObjects/bed.h">
			<Option target="Socke"/>
		</Unit>
		<Unit filename="/home/LarsLinux/Documenten/System-Automation/raspberry-pi/domObjects/chair.cpp">
			<Option target="Socke"/>
		</Unit>
		<Unit filename="/home/LarsLinux/Documenten/System-Automation/raspberry-pi/domObjects/chair.h">
			<Option target="Socke"/>
		</Unit>
		<Unit filename="/home/LarsLinux/Documenten/System-Automation/raspberry-pi/domObjects/domObject.cpp">
			<Option target="Socke"/>
		</Unit>
		<Unit filename="/home/LarsLinux/Documenten/System-Automation/raspberry-pi/domObjects/domObject.h">
			<Option target="Socke"/>
		</Unit>
		<Unit filename="/home/LarsLinux/Documenten/System-Automation/raspberry-pi/domObjects/door.cpp">
			<Option target="Socke"/>
		</Unit>
		<Unit filename="/home/LarsLinux/Documenten/System-Automation/raspberry-pi/domObjects/door.h">
			<Option target="Socke"/>
		</Unit>
		<Unit filename="/home/LarsLinux/Documenten/System-Automation/raspberry-pi/domObjects/fridge.cpp">
			<Option target="Socke"/>
		</Unit>
		<Unit filename="/home/LarsLinux/Documenten/System-Automation/raspberry-pi/domObjects/fridge.h">
			<Option target="Socke"/>
		</Unit>
		<Unit filename="/home/LarsLinux/Documenten/System-Automation/raspberry-pi/domObjects/lamp.cpp">
			<Option target="Socke"/>
		</Unit>
		<Unit filename="/home/LarsLinux/Documenten/System-Automation/raspberry-pi/domObjects/lamp.h">
			<Option target="Socke"/>
		</Unit>
		<Unit filename="/home/LarsLinux/Documenten/System-Automation/raspberry-pi/domObjects/pillar.cpp">
			<Option target="Socke"/>
		</Unit>
		<Unit filename="/home/LarsLinux/Documenten/System-Automation/raspberry-pi/domObjects/pillar.h">
			<Option target="Socke"/>
		</Unit>
		<Unit filename="/home/LarsLinux/Documenten/System-Automation/raspberry-pi/domObjects/wall.cpp">
			<Option target="Socke"/>
		</Unit>
		<Unit filename="/home/LarsLinux/Documenten/System-Automation/raspberry-pi/domObjects/wall.h">
			<Option target="Socke"/>
		</Unit>
		<Unit filename="/home/LarsLinux/Documenten/System-Automation/raspberry-pi/includes.h">
			<Option target="Socke"/>
		</Unit>
		<Unit filename="/home/LarsLinux/Documenten/System-Automation/raspberry-pi/main.cpp">
			<Option target="Socke"/>
		</Unit>
		<Unit filename="/home/LarsLinux/Documenten/System-Automation/raspberry-pi/timeKeeper.cpp">
			<Option target="Socke"/>
		</Unit>
		<Unit filename="/home/LarsLinux/Documenten/System-Automation/raspberry-pi/timeKeeper.h">
			<Option target="Socke"/>
		</Unit>
		<Unit filename="/home/LarsLinux/Documenten/System-Automation/raspberry-pi/CMakeLists.txt">
			<Option virtualFolder="CMake Files\"/>
		</Unit>
	</Project>
</CodeBlocks_project_file>
